# This file is automatically @generated by Poetry 2.1.2 and should not be changed by hand.

[[package]]
name = "dotenv"
version = "0.9.9"
description = "Deprecated package"
optional = false
python-versions = "*"
groups = ["main"]
files = [
    {file = "dotenv-0.9.9-py2.py3-none-any.whl", hash = "sha256:29cf74a087b31dafdb5a446b6d7e11cbce8ed2741540e2339c69fbef92c94ce9"},
]

[package.dependencies]
python-dotenv = "*"

[[package]]
name = "greenlet"
version = "3.2.1"
description = "Lightweight in-process concurrent programming"
optional = false
python-versions = ">=3.9"
groups = ["main"]
files = [
    {file = "greenlet-3.2.1-cp310-cp310-macosx_11_0_universal2.whl", hash = "sha256:777c1281aa7c786738683e302db0f55eb4b0077c20f1dc53db8852ffaea0a6b0"},
    {file = "greenlet-3.2.1-cp310-cp310-manylinux_2_17_aarch64.manylinux2014_aarch64.whl", hash = "sha256:3059c6f286b53ea4711745146ffe5a5c5ff801f62f6c56949446e0f6461f8157"},
    {file = "greenlet-3.2.1-cp310-cp310-manylinux_2_17_ppc64le.manylinux2014_ppc64le.whl", hash = "sha256:e1a40a17e2c7348f5eee5d8e1b4fa6a937f0587eba89411885a36a8e1fc29bd2"},
    {file = "greenlet-3.2.1-cp310-cp310-manylinux_2_17_s390x.manylinux2014_s390x.whl", hash = "sha256:5193135b3a8d0017cb438de0d49e92bf2f6c1c770331d24aa7500866f4db4017"},
    {file = "greenlet-3.2.1-cp310-cp310-manylinux_2_17_x86_64.manylinux2014_x86_64.whl", hash = "sha256:639a94d001fe874675b553f28a9d44faed90f9864dc57ba0afef3f8d76a18b04"},
    {file = "greenlet-3.2.1-cp310-cp310-manylinux_2_24_x86_64.manylinux_2_28_x86_64.whl", hash = "sha256:8fe303381e7e909e42fb23e191fc69659910909fdcd056b92f6473f80ef18543"},
    {file = "greenlet-3.2.1-cp310-cp310-musllinux_1_1_aarch64.whl", hash = "sha256:72c9b668454e816b5ece25daac1a42c94d1c116d5401399a11b77ce8d883110c"},
    {file = "greenlet-3.2.1-cp310-cp310-musllinux_1_1_x86_64.whl", hash = "sha256:6079ae990bbf944cf66bea64a09dcb56085815630955109ffa98984810d71565"},
    {file = "greenlet-3.2.1-cp310-cp310-win_amd64.whl", hash = "sha256:e63cd2035f49376a23611fbb1643f78f8246e9d4dfd607534ec81b175ce582c2"},
    {file = "greenlet-3.2.1-cp311-cp311-macosx_11_0_universal2.whl", hash = "sha256:aa30066fd6862e1153eaae9b51b449a6356dcdb505169647f69e6ce315b9468b"},
    {file = "greenlet-3.2.1-cp311-cp311-manylinux_2_17_aarch64.manylinux2014_aarch64.whl", hash = "sha256:7b0f3a0a67786facf3b907a25db80efe74310f9d63cc30869e49c79ee3fcef7e"},
    {file = "greenlet-3.2.1-cp311-cp311-manylinux_2_17_ppc64le.manylinux2014_ppc64le.whl", hash = "sha256:64a4d0052de53ab3ad83ba86de5ada6aeea8f099b4e6c9ccce70fb29bc02c6a2"},
    {file = "greenlet-3.2.1-cp311-cp311-manylinux_2_17_s390x.manylinux2014_s390x.whl", hash = "sha256:852ef432919830022f71a040ff7ba3f25ceb9fe8f3ab784befd747856ee58530"},
    {file = "greenlet-3.2.1-cp311-cp311-manylinux_2_17_x86_64.manylinux2014_x86_64.whl", hash = "sha256:4818116e75a0dd52cdcf40ca4b419e8ce5cb6669630cb4f13a6c384307c9543f"},
    {file = "greenlet-3.2.1-cp311-cp311-manylinux_2_24_x86_64.manylinux_2_28_x86_64.whl", hash = "sha256:9afa05fe6557bce1642d8131f87ae9462e2a8e8c46f7ed7929360616088a3975"},
    {file = "greenlet-3.2.1-cp311-cp311-musllinux_1_1_aarch64.whl", hash = "sha256:5c12f0d17a88664757e81a6e3fc7c2452568cf460a2f8fb44f90536b2614000b"},
    {file = "greenlet-3.2.1-cp311-cp311-musllinux_1_1_x86_64.whl", hash = "sha256:dbb4e1aa2000852937dd8f4357fb73e3911da426df8ca9b8df5db231922da474"},
    {file = "greenlet-3.2.1-cp311-cp311-win_amd64.whl", hash = "sha256:cb5ee928ce5fedf9a4b0ccdc547f7887136c4af6109d8f2fe8e00f90c0db47f5"},
    {file = "greenlet-3.2.1-cp312-cp312-macosx_11_0_universal2.whl", hash = "sha256:0ba2811509a30e5f943be048895a983a8daf0b9aa0ac0ead526dfb5d987d80ea"},
    {file = "greenlet-3.2.1-cp312-cp312-manylinux_2_17_aarch64.manylinux2014_aarch64.whl", hash = "sha256:4245246e72352b150a1588d43ddc8ab5e306bef924c26571aafafa5d1aaae4e8"},
    {file = "greenlet-3.2.1-cp312-cp312-manylinux_2_17_ppc64le.manylinux2014_ppc64le.whl", hash = "sha256:7abc0545d8e880779f0c7ce665a1afc3f72f0ca0d5815e2b006cafc4c1cc5840"},
    {file = "greenlet-3.2.1-cp312-cp312-manylinux_2_17_s390x.manylinux2014_s390x.whl", hash = "sha256:6dcc6d604a6575c6225ac0da39df9335cc0c6ac50725063fa90f104f3dbdb2c9"},
    {file = "greenlet-3.2.1-cp312-cp312-manylinux_2_17_x86_64.manylinux2014_x86_64.whl", hash = "sha256:2273586879affca2d1f414709bb1f61f0770adcabf9eda8ef48fd90b36f15d12"},
    {file = "greenlet-3.2.1-cp312-cp312-manylinux_2_24_x86_64.manylinux_2_28_x86_64.whl", hash = "sha256:ff38c869ed30fff07f1452d9a204ece1ec6d3c0870e0ba6e478ce7c1515acf22"},
    {file = "greenlet-3.2.1-cp312-cp312-musllinux_1_1_aarch64.whl", hash = "sha256:e934591a7a4084fa10ee5ef50eb9d2ac8c4075d5c9cf91128116b5dca49d43b1"},
    {file = "greenlet-3.2.1-cp312-cp312-musllinux_1_1_x86_64.whl", hash = "sha256:063bcf7f8ee28eb91e7f7a8148c65a43b73fbdc0064ab693e024b5a940070145"},
    {file = "greenlet-3.2.1-cp312-cp312-win_amd64.whl", hash = "sha256:7132e024ebeeeabbe661cf8878aac5d2e643975c4feae833142592ec2f03263d"},
    {file = "greenlet-3.2.1-cp313-cp313-macosx_11_0_universal2.whl", hash = "sha256:e1967882f0c42eaf42282a87579685c8673c51153b845fde1ee81be720ae27ac"},
    {file = "greenlet-3.2.1-cp313-cp313-manylinux_2_17_aarch64.manylinux2014_aarch64.whl", hash = "sha256:e77ae69032a95640a5fe8c857ec7bee569a0997e809570f4c92048691ce4b437"},
    {file = "greenlet-3.2.1-cp313-cp313-manylinux_2_17_ppc64le.manylinux2014_ppc64le.whl", hash = "sha256:3227c6ec1149d4520bc99edac3b9bc8358d0034825f3ca7572165cb502d8f29a"},
    {file = "greenlet-3.2.1-cp313-cp313-manylinux_2_17_s390x.manylinux2014_s390x.whl", hash = "sha256:0ddda0197c5b46eedb5628d33dad034c455ae77708c7bf192686e760e26d6a0c"},
    {file = "greenlet-3.2.1-cp313-cp313-manylinux_2_17_x86_64.manylinux2014_x86_64.whl", hash = "sha256:de62b542e5dcf0b6116c310dec17b82bb06ef2ceb696156ff7bf74a7a498d982"},
    {file = "greenlet-3.2.1-cp313-cp313-manylinux_2_24_x86_64.manylinux_2_28_x86_64.whl", hash = "sha256:c07a0c01010df42f1f058b3973decc69c4d82e036a951c3deaf89ab114054c07"},
    {file = "greenlet-3.2.1-cp313-cp313-musllinux_1_1_aarch64.whl", hash = "sha256:2530bfb0abcd451ea81068e6d0a1aac6dabf3f4c23c8bd8e2a8f579c2dd60d95"},
    {file = "greenlet-3.2.1-cp313-cp313-musllinux_1_1_x86_64.whl", hash = "sha256:1c472adfca310f849903295c351d297559462067f618944ce2650a1878b84123"},
    {file = "greenlet-3.2.1-cp313-cp313-win_amd64.whl", hash = "sha256:24a496479bc8bd01c39aa6516a43c717b4cee7196573c47b1f8e1011f7c12495"},
    {file = "greenlet-3.2.1-cp313-cp313t-manylinux_2_17_aarch64.manylinux2014_aarch64.whl", hash = "sha256:175d583f7d5ee57845591fc30d852b75b144eb44b05f38b67966ed6df05c8526"},
    {file = "greenlet-3.2.1-cp313-cp313t-manylinux_2_17_ppc64le.manylinux2014_ppc64le.whl", hash = "sha256:3ecc9d33ca9428e4536ea53e79d781792cee114d2fa2695b173092bdbd8cd6d5"},
    {file = "greenlet-3.2.1-cp313-cp313t-manylinux_2_17_s390x.manylinux2014_s390x.whl", hash = "sha256:3f56382ac4df3860ebed8ed838f268f03ddf4e459b954415534130062b16bc32"},
    {file = "greenlet-3.2.1-cp313-cp313t-manylinux_2_17_x86_64.manylinux2014_x86_64.whl", hash = "sha256:cc45a7189c91c0f89aaf9d69da428ce8301b0fd66c914a499199cfb0c28420fc"},
    {file = "greenlet-3.2.1-cp313-cp313t-manylinux_2_24_x86_64.manylinux_2_28_x86_64.whl", hash = "sha256:51a2f49da08cff79ee42eb22f1658a2aed60c72792f0a0a95f5f0ca6d101b1fb"},
    {file = "greenlet-3.2.1-cp313-cp313t-musllinux_1_1_aarch64.whl", hash = "sha256:0c68bbc639359493420282d2f34fa114e992a8724481d700da0b10d10a7611b8"},
    {file = "greenlet-3.2.1-cp313-cp313t-musllinux_1_1_x86_64.whl", hash = "sha256:e775176b5c203a1fa4be19f91da00fd3bff536868b77b237da3f4daa5971ae5d"},
    {file = "greenlet-3.2.1-cp314-cp314-macosx_11_0_universal2.whl", hash = "sha256:d6668caf15f181c1b82fb6406f3911696975cc4c37d782e19cb7ba499e556189"},
    {file = "greenlet-3.2.1-cp39-cp39-macosx_11_0_universal2.whl", hash = "sha256:17964c246d4f6e1327edd95e2008988a8995ae3a7732be2f9fc1efed1f1cdf8c"},
    {file = "greenlet-3.2.1-cp39-cp39-manylinux_2_17_aarch64.manylinux2014_aarch64.whl", hash = "sha256:04b4ec7f65f0e4a1500ac475c9343f6cc022b2363ebfb6e94f416085e40dea15"},
    {file = "greenlet-3.2.1-cp39-cp39-manylinux_2_17_ppc64le.manylinux2014_ppc64le.whl", hash = "sha256:b38d53cf268da963869aa25a6e4cc84c1c69afc1ae3391738b2603d110749d01"},
    {file = "greenlet-3.2.1-cp39-cp39-manylinux_2_17_s390x.manylinux2014_s390x.whl", hash = "sha256:05a7490f74e8aabc5f29256765a99577ffde979920a2db1f3676d265a3adba41"},
    {file = "greenlet-3.2.1-cp39-cp39-manylinux_2_17_x86_64.manylinux2014_x86_64.whl", hash = "sha256:4339b202ac20a89ccd5bde0663b4d00dc62dd25cb3fb14f7f3034dec1b0d9ece"},
    {file = "greenlet-3.2.1-cp39-cp39-manylinux_2_24_x86_64.manylinux_2_28_x86_64.whl", hash = "sha256:1a750f1046994b9e038b45ae237d68153c29a3a783075211fb1414a180c8324b"},
    {file = "greenlet-3.2.1-cp39-cp39-musllinux_1_1_aarch64.whl", hash = "sha256:374ffebaa5fbd10919cd599e5cf8ee18bae70c11f9d61e73db79826c8c93d6f9"},
    {file = "greenlet-3.2.1-cp39-cp39-musllinux_1_1_x86_64.whl", hash = "sha256:8b89e5d44f55372efc6072f59ced5ed1efb7b44213dab5ad7e0caba0232c6545"},
    {file = "greenlet-3.2.1-cp39-cp39-win32.whl", hash = "sha256:b7503d6b8bbdac6bbacf5a8c094f18eab7553481a1830975799042f26c9e101b"},
    {file = "greenlet-3.2.1-cp39-cp39-win_amd64.whl", hash = "sha256:e98328b8b8f160925d6b1c5b1879d8e64f6bd8cf11472b7127d579da575b77d9"},
    {file = "greenlet-3.2.1.tar.gz", hash = "sha256:9f4dd4b4946b14bb3bf038f81e1d2e535b7d94f1b2a59fdba1293cd9c1a0a4d7"},
]

[package.extras]
docs = ["Sphinx", "furo"]
test = ["objgraph", "psutil"]

[[package]]
name = "inquirerpy"
version = "0.3.4"
description = "Python port of Inquirer.js (A collection of common interactive command-line user interfaces)"
optional = false
python-versions = ">=3.7,<4.0"
groups = ["main"]
files = [
    {file = "InquirerPy-0.3.4-py3-none-any.whl", hash = "sha256:c65fdfbac1fa00e3ee4fb10679f4d3ed7a012abf4833910e63c295827fe2a7d4"},
    {file = "InquirerPy-0.3.4.tar.gz", hash = "sha256:89d2ada0111f337483cb41ae31073108b2ec1e618a49d7110b0d7ade89fc197e"},
]

[package.dependencies]
pfzy = ">=0.3.1,<0.4.0"
prompt-toolkit = ">=3.0.1,<4.0.0"

[package.extras]
docs = ["Sphinx (>=4.1.2,<5.0.0)", "furo (>=2021.8.17-beta.43,<2022.0.0)", "myst-parser (>=0.15.1,<0.16.0)", "sphinx-autobuild (>=2021.3.14,<2022.0.0)", "sphinx-copybutton (>=0.4.0,<0.5.0)"]

[[package]]
name = "pfzy"
version = "0.3.4"
description = "Python port of the fzy fuzzy string matching algorithm"
optional = false
python-versions = ">=3.7,<4.0"
groups = ["main"]
files = [
    {file = "pfzy-0.3.4-py3-none-any.whl", hash = "sha256:5f50d5b2b3207fa72e7ec0ef08372ef652685470974a107d0d4999fc5a903a96"},
    {file = "pfzy-0.3.4.tar.gz", hash = "sha256:717ea765dd10b63618e7298b2d98efd819e0b30cd5905c9707223dceeb94b3f1"},
]

[package.extras]
docs = ["Sphinx (>=4.1.2,<5.0.0)", "furo (>=2021.8.17-beta.43,<2022.0.0)", "myst-parser (>=0.15.1,<0.16.0)", "sphinx-autobuild (>=2021.3.14,<2022.0.0)", "sphinx-copybutton (>=0.4.0,<0.5.0)"]

[[package]]
name = "playwright"
version = "1.51.0"
description = "A high-level API to automate web browsers"
optional = false
python-versions = ">=3.9"
groups = ["main"]
files = [
    {file = "playwright-1.51.0-py3-none-macosx_10_13_x86_64.whl", hash = "sha256:bcaaa3d5d73bda659bfb9ff2a288b51e85a91bd89eda86eaf8186550973e416a"},
    {file = "playwright-1.51.0-py3-none-macosx_11_0_arm64.whl", hash = "sha256:2e0ae6eb44297b24738e1a6d9c580ca4243b4e21b7e65cf936a71492c08dd0d4"},
    {file = "playwright-1.51.0-py3-none-macosx_11_0_universal2.whl", hash = "sha256:ab4c0ff00bded52c946be60734868febc964c8a08a9b448d7c20cb3811c6521c"},
    {file = "playwright-1.51.0-py3-none-manylinux1_x86_64.whl", hash = "sha256:d5c9f67bc6ef49094618991c78a1466c5bac5ed09157660d78b8510b77f92746"},
    {file = "playwright-1.51.0-py3-none-manylinux_2_17_aarch64.manylinux2014_aarch64.whl", hash = "sha256:814e4ec2a1a0d6f6221f075622c06b31ceb2bdc6d622258cfefed900c01569ae"},
    {file = "playwright-1.51.0-py3-none-win32.whl", hash = "sha256:4cef804991867ea27f608b70fa288ee52a57651e22d02ab287f98f8620b9408c"},
    {file = "playwright-1.51.0-py3-none-win_amd64.whl", hash = "sha256:9ece9316c5d383aed1a207f079fc2d552fff92184f0ecf37cc596e912d00a8c3"},
]

[package.dependencies]
greenlet = ">=3.1.1,<4.0.0"
pyee = ">=12,<13"

[[package]]
name = "prompt-toolkit"
version = "3.0.51"
description = "Library for building powerful interactive command lines in Python"
optional = false
python-versions = ">=3.8"
groups = ["main"]
files = [
    {file = "prompt_toolkit-3.0.51-py3-none-any.whl", hash = "sha256:52742911fde84e2d423e2f9a4cf1de7d7ac4e51958f648d9540e0fb8db077b07"},
    {file = "prompt_toolkit-3.0.51.tar.gz", hash = "sha256:931a162e3b27fc90c86f1b48bb1fb2c528c2761475e57c9c06de13311c7b54ed"},
]

[package.dependencies]
wcwidth = "*"

[[package]]
name = "pyee"
version = "12.1.1"
description = "A rough port of Node.js's EventEmitter to Python with a few tricks of its own"
optional = false
python-versions = ">=3.8"
groups = ["main"]
files = [
    {file = "pyee-12.1.1-py3-none-any.whl", hash = "sha256:18a19c650556bb6b32b406d7f017c8f513aceed1ef7ca618fb65de7bd2d347ef"},
    {file = "pyee-12.1.1.tar.gz", hash = "sha256:bbc33c09e2ff827f74191e3e5bbc6be7da02f627b7ec30d86f5ce1a6fb2424a3"},
]

[package.dependencies]
typing-extensions = "*"

[package.extras]
dev = ["black", "build", "flake8", "flake8-black", "isort", "jupyter-console", "mkdocs", "mkdocs-include-markdown-plugin", "mkdocstrings[python]", "pytest", "pytest-asyncio ; python_version >= \"3.4\"", "pytest-trio ; python_version >= \"3.7\"", "sphinx", "toml", "tox", "trio", "trio ; python_version > \"3.6\"", "trio-typing ; python_version > \"3.6\"", "twine", "twisted", "validate-pyproject[all]"]

[[package]]
name = "python-dotenv"
version = "1.1.0"
description = "Read key-value pairs from a .env file and set them as environment variables"
optional = false
python-versions = ">=3.9"
groups = ["main"]
files = [
    {file = "python_dotenv-1.1.0-py3-none-any.whl", hash = "sha256:d7c01d9e2293916c18baf562d95698754b0dbbb5e74d457c45d4f6561fb9d55d"},
    {file = "python_dotenv-1.1.0.tar.gz", hash = "sha256:41f90bc6f5f177fb41f53e87666db362025010eb28f60a01c9143bfa33a2b2d5"},
]

[package.extras]
cli = ["click (>=5.0)"]

[[package]]
name = "schedule"
version = "1.2.2"
description = "Job scheduling for humans."
optional = false
python-versions = ">=3.7"
groups = ["main"]
files = [
    {file = "schedule-1.2.2-py3-none-any.whl", hash = "sha256:5bef4a2a0183abf44046ae0d164cadcac21b1db011bdd8102e4a0c1e91e06a7d"},
    {file = "schedule-1.2.2.tar.gz", hash = "sha256:15fe9c75fe5fd9b9627f3f19cc0ef1420508f9f9a46f45cd0769ef75ede5f0b7"},
]

[package.extras]
timezone = ["pytz"]

[[package]]
name = "typing-extensions"
version = "4.13.2"
description = "Backported and Experimental Type Hints for Python 3.8+"
optional = false
python-versions = ">=3.8"
groups = ["main"]
files = [
    {file = "typing_extensions-4.13.2-py3-none-any.whl", hash = "sha256:a439e7c04b49fec3e5d3e2beaa21755cadbbdc391694e28ccdd36ca4a1408f8c"},
    {file = "typing_extensions-4.13.2.tar.gz", hash = "sha256:e6c81219bd689f51865d9e372991c540bda33a0379d5573cddb9a3a23f7caaef"},
]

[[package]]
name = "wcwidth"
version = "0.2.13"
description = "Measures the displayed width of unicode strings in a terminal"
optional = false
python-versions = "*"
groups = ["main"]
files = [
    {file = "wcwidth-0.2.13-py2.py3-none-any.whl", hash = "sha256:3da69048e4540d84af32131829ff948f1e022c1c6bdb8d6102117aac784f6859"},
    {file = "wcwidth-0.2.13.tar.gz", hash = "sha256:72ea0c06399eb286d978fdedb6923a9eb47e1c486ce63e9b4e64fc18303972b5"},
]

[metadata]
lock-version = "2.1"
python-versions = "^3.9"
content-hash = "679844acff9136ac153b585630eea45ff3bed235de2a88971e1aa66060daff39"
